Microsoft Visual Studio Solution File, Format Version 12.00
# Visual Studio Version 17
VisualStudioVersion = 17.0.31903.59
MinimumVisualStudioVersion = 10.0.40219.1
Project("{2150E333-8FDC-42A3-9474-1A3956D46DE8}") = "src", "src", "{A1F9CE55-200F-42DA-ACB3-C34F23D3BEE8}"
EndProject
Project("{FAE04EC0-301F-11D3-BF4B-00C04F79EFBC}") = "FAM.Application", "src\FAM.Application\FAM.Application.csproj", "{8D5A5B6D-856C-4871-A387-D06AD2DD3F81}"
EndProject
Project("{FAE04EC0-301F-11D3-BF4B-00C04F79EFBC}") = "FAM.Contracts", "src\FAM.Contracts\FAM.Contracts.csproj", "{24273D0A-AF59-4E38-BA1A-DE9C21180157}"
EndProject
Project("{FAE04EC0-301F-11D3-BF4B-00C04F79EFBC}") = "FAM.Domain", "src\FAM.Domain\FAM.Domain.csproj", "{4303486C-F85F-46FB-BD7F-5E42BB03FC46}"
EndProject
Project("{FAE04EC0-301F-11D3-BF4B-00C04F79EFBC}") = "FAM.Infrastructure", "src\FAM.Infrastructure\FAM.Infrastructure.csproj", "{163CA077-0C02-4723-A3BE-72515CE01585}"
EndProject
Project("{FAE04EC0-301F-11D3-BF4B-00C04F79EFBC}") = "FAM.WebApi", "src\FAM.WebApi\FAM.WebApi.csproj", "{71F0C8CF-A97D-4F26-9BB0-7BCAAD3A0E3F}"
EndProject
Project("{2150E333-8FDC-42A3-9474-1A3956D46DE8}") = "tests", "tests", "{BC538974-576F-44A7-9C6C-9E386BCFD1AA}"
EndProject
Project("{FAE04EC0-301F-11D3-BF4B-00C04F79EFBC}") = "FAM.Application.Tests", "tests\FAM.Application.Tests\FAM.Application.Tests.csproj", "{91C1B8F5-3F5E-4F73-95BB-C245848B6BE7}"
EndProject
Project("{FAE04EC0-301F-11D3-BF4B-00C04F79EFBC}") = "FAM.Domain.Tests", "tests\FAM.Domain.Tests\FAM.Domain.Tests.csproj", "{EAB3150C-593F-4B0B-8E75-B44B27B63A2B}"
EndProject
Project("{FAE04EC0-301F-11D3-BF4B-00C04F79EFBC}") = "FAM.IntegrationTests", "tests\FAM.IntegrationTests\FAM.IntegrationTests.csproj", "{73528469-94FD-42F8-8371-EF0475F910A4}"
EndProject
Global
	GlobalSection(SolutionConfigurationPlatforms) = preSolution
		Debug|Any CPU = Debug|Any CPU
		Release|Any CPU = Release|Any CPU
	EndGlobalSection
	GlobalSection(SolutionProperties) = preSolution
		HideSolutionNode = FALSE
	EndGlobalSection
	GlobalSection(ProjectConfigurationPlatforms) = postSolution
		{8D5A5B6D-856C-4871-A387-D06AD2DD3F81}.Debug|Any CPU.ActiveCfg = Debug|Any CPU
		{8D5A5B6D-856C-4871-A387-D06AD2DD3F81}.Debug|Any CPU.Build.0 = Debug|Any CPU
		{8D5A5B6D-856C-4871-A387-D06AD2DD3F81}.Release|Any CPU.ActiveCfg = Release|Any CPU
		{8D5A5B6D-856C-4871-A387-D06AD2DD3F81}.Release|Any CPU.Build.0 = Release|Any CPU
		{24273D0A-AF59-4E38-BA1A-DE9C21180157}.Debug|Any CPU.ActiveCfg = Debug|Any CPU
		{24273D0A-AF59-4E38-BA1A-DE9C21180157}.Debug|Any CPU.Build.0 = Debug|Any CPU
		{24273D0A-AF59-4E38-BA1A-DE9C21180157}.Release|Any CPU.ActiveCfg = Release|Any CPU
		{24273D0A-AF59-4E38-BA1A-DE9C21180157}.Release|Any CPU.Build.0 = Release|Any CPU
		{4303486C-F85F-46FB-BD7F-5E42BB03FC46}.Debug|Any CPU.ActiveCfg = Debug|Any CPU
		{4303486C-F85F-46FB-BD7F-5E42BB03FC46}.Debug|Any CPU.Build.0 = Debug|Any CPU
		{4303486C-F85F-46FB-BD7F-5E42BB03FC46}.Release|Any CPU.ActiveCfg = Release|Any CPU
		{4303486C-F85F-46FB-BD7F-5E42BB03FC46}.Release|Any CPU.Build.0 = Release|Any CPU
		{163CA077-0C02-4723-A3BE-72515CE01585}.Debug|Any CPU.ActiveCfg = Debug|Any CPU
		{163CA077-0C02-4723-A3BE-72515CE01585}.Debug|Any CPU.Build.0 = Debug|Any CPU
		{163CA077-0C02-4723-A3BE-72515CE01585}.Release|Any CPU.ActiveCfg = Release|Any CPU
		{163CA077-0C02-4723-A3BE-72515CE01585}.Release|Any CPU.Build.0 = Release|Any CPU
		{71F0C8CF-A97D-4F26-9BB0-7BCAAD3A0E3F}.Debug|Any CPU.ActiveCfg = Debug|Any CPU
		{71F0C8CF-A97D-4F26-9BB0-7BCAAD3A0E3F}.Debug|Any CPU.Build.0 = Debug|Any CPU
		{71F0C8CF-A97D-4F26-9BB0-7BCAAD3A0E3F}.Release|Any CPU.ActiveCfg = Release|Any CPU
		{71F0C8CF-A97D-4F26-9BB0-7BCAAD3A0E3F}.Release|Any CPU.Build.0 = Release|Any CPU
		{91C1B8F5-3F5E-4F73-95BB-C245848B6BE7}.Debug|Any CPU.ActiveCfg = Debug|Any CPU
		{91C1B8F5-3F5E-4F73-95BB-C245848B6BE7}.Debug|Any CPU.Build.0 = Debug|Any CPU
		{91C1B8F5-3F5E-4F73-95BB-C245848B6BE7}.Release|Any CPU.ActiveCfg = Release|Any CPU
		{91C1B8F5-3F5E-4F73-95BB-C245848B6BE7}.Release|Any CPU.Build.0 = Release|Any CPU
		{EAB3150C-593F-4B0B-8E75-B44B27B63A2B}.Debug|Any CPU.ActiveCfg = Debug|Any CPU
		{EAB3150C-593F-4B0B-8E75-B44B27B63A2B}.Debug|Any CPU.Build.0 = Debug|Any CPU
		{EAB3150C-593F-4B0B-8E75-B44B27B63A2B}.Release|Any CPU.ActiveCfg = Release|Any CPU
		{EAB3150C-593F-4B0B-8E75-B44B27B63A2B}.Release|Any CPU.Build.0 = Release|Any CPU
		{73528469-94FD-42F8-8371-EF0475F910A4}.Debug|Any CPU.ActiveCfg = Debug|Any CPU
		{73528469-94FD-42F8-8371-EF0475F910A4}.Debug|Any CPU.Build.0 = Debug|Any CPU
		{73528469-94FD-42F8-8371-EF0475F910A4}.Release|Any CPU.ActiveCfg = Release|Any CPU
		{73528469-94FD-42F8-8371-EF0475F910A4}.Release|Any CPU.Build.0 = Release|Any CPU
	EndGlobalSection
	GlobalSection(NestedProjects) = preSolution
		{8D5A5B6D-856C-4871-A387-D06AD2DD3F81} = {A1F9CE55-200F-42DA-ACB3-C34F23D3BEE8}
		{24273D0A-AF59-4E38-BA1A-DE9C21180157} = {A1F9CE55-200F-42DA-ACB3-C34F23D3BEE8}
		{4303486C-F85F-46FB-BD7F-5E42BB03FC46} = {A1F9CE55-200F-42DA-ACB3-C34F23D3BEE8}
		{163CA077-0C02-4723-A3BE-72515CE01585} = {A1F9CE55-200F-42DA-ACB3-C34F23D3BEE8}
		{71F0C8CF-A97D-4F26-9BB0-7BCAAD3A0E3F} = {A1F9CE55-200F-42DA-ACB3-C34F23D3BEE8}
		{91C1B8F5-3F5E-4F73-95BB-C245848B6BE7} = {BC538974-576F-44A7-9C6C-9E386BCFD1AA}
		{EAB3150C-593F-4B0B-8E75-B44B27B63A2B} = {BC538974-576F-44A7-9C6C-9E386BCFD1AA}
		{73528469-94FD-42F8-8371-EF0475F910A4} = {BC538974-576F-44A7-9C6C-9E386BCFD1AA}
	EndGlobalSection
EndGlobal
